// !$*UTF8*$!
{
	archiveVersion = 1;
	classes = {
	};
	objectVersion = 46;
	objects = {

/* Begin PBXBuildFile section */
		2663499EBF1E5D1278129E39 /* Pods_SocialEaseWireframe.framework in Frameworks */ = {isa = PBXBuildFile; fileRef = 83F2600A10DC46E3EAEB7219 /* Pods_SocialEaseWireframe.framework */; };
		AC30F1F31BD22005001912C2 /* OtherPreferenceViewController.swift in Sources */ = {isa = PBXBuildFile; fileRef = AC30F1F21BD22005001912C2 /* OtherPreferenceViewController.swift */; settings = {ASSET_TAGS = (); }; };
		AC30F1F51BD22035001912C2 /* PreferenceViewCell.swift in Sources */ = {isa = PBXBuildFile; fileRef = AC30F1F41BD22035001912C2 /* PreferenceViewCell.swift */; settings = {ASSET_TAGS = (); }; };
		AC30F1F71BD220F6001912C2 /* PreferenceObject.swift in Sources */ = {isa = PBXBuildFile; fileRef = AC30F1F61BD220F6001912C2 /* PreferenceObject.swift */; settings = {ASSET_TAGS = (); }; };
		ACC125DE1BD22CF1008D3D2B /* socialease.ttf in Resources */ = {isa = PBXBuildFile; fileRef = ACC125DD1BD22CF1008D3D2B /* socialease.ttf */; settings = {ASSET_TAGS = (); }; };
		ACC125E01BD2E1AF008D3D2B /* ActivityCollectionViewCell.swift in Sources */ = {isa = PBXBuildFile; fileRef = ACC125DF1BD2E1AF008D3D2B /* ActivityCollectionViewCell.swift */; settings = {ASSET_TAGS = (); }; };
		ACE612B91BCF7C3A00525114 /* AppDelegate.swift in Sources */ = {isa = PBXBuildFile; fileRef = ACE612B81BCF7C3A00525114 /* AppDelegate.swift */; };
		ACE612BB1BCF7C3A00525114 /* SLESLoginViewController.swift in Sources */ = {isa = PBXBuildFile; fileRef = ACE612BA1BCF7C3A00525114 /* SLESLoginViewController.swift */; };
		ACE612BE1BCF7C3A00525114 /* Main.storyboard in Resources */ = {isa = PBXBuildFile; fileRef = ACE612BC1BCF7C3A00525114 /* Main.storyboard */; };
		ACE612C01BCF7C3A00525114 /* Assets.xcassets in Resources */ = {isa = PBXBuildFile; fileRef = ACE612BF1BCF7C3A00525114 /* Assets.xcassets */; };
		ACE612C31BCF7C3A00525114 /* LaunchScreen.storyboard in Resources */ = {isa = PBXBuildFile; fileRef = ACE612C11BCF7C3A00525114 /* LaunchScreen.storyboard */; };
		ACE612CE1BD0054100525114 /* AppConstants.swift in Sources */ = {isa = PBXBuildFile; fileRef = ACE612CD1BD0054100525114 /* AppConstants.swift */; settings = {ASSET_TAGS = (); }; };
		ACE612D31BD20B2800525114 /* CuisineViewCell.swift in Sources */ = {isa = PBXBuildFile; fileRef = ACE612D21BD20B2800525114 /* CuisineViewCell.swift */; settings = {ASSET_TAGS = (); }; };
		ACE612D61BD20B6D00525114 /* SelectCuisinesViewController.swift in Sources */ = {isa = PBXBuildFile; fileRef = ACE612D51BD20B6D00525114 /* SelectCuisinesViewController.swift */; settings = {ASSET_TAGS = (); }; };
		ACE612D81BD219A600525114 /* InfoViewController.swift in Sources */ = {isa = PBXBuildFile; fileRef = ACE612D71BD219A600525114 /* InfoViewController.swift */; settings = {ASSET_TAGS = (); }; };
/* End PBXBuildFile section */

/* Begin PBXFileReference section */
		2960537EAA648B7A82E34B4A /* Pods-SocialEaseWireframe.debug.xcconfig */ = {isa = PBXFileReference; includeInIndex = 1; lastKnownFileType = text.xcconfig; name = "Pods-SocialEaseWireframe.debug.xcconfig"; path = "Pods/Target Support Files/Pods-SocialEaseWireframe/Pods-SocialEaseWireframe.debug.xcconfig"; sourceTree = "<group>"; };
		83F2600A10DC46E3EAEB7219 /* Pods_SocialEaseWireframe.framework */ = {isa = PBXFileReference; explicitFileType = wrapper.framework; includeInIndex = 0; path = Pods_SocialEaseWireframe.framework; sourceTree = BUILT_PRODUCTS_DIR; };
		AC30F1F21BD22005001912C2 /* OtherPreferenceViewController.swift */ = {isa = PBXFileReference; fileEncoding = 4; lastKnownFileType = sourcecode.swift; name = OtherPreferenceViewController.swift; path = "ViewControllers /OtherPreferenceViewController.swift"; sourceTree = "<group>"; };
		AC30F1F41BD22035001912C2 /* PreferenceViewCell.swift */ = {isa = PBXFileReference; fileEncoding = 4; lastKnownFileType = sourcecode.swift; name = PreferenceViewCell.swift; path = Views/PreferenceViewCell.swift; sourceTree = "<group>"; };
		AC30F1F61BD220F6001912C2 /* PreferenceObject.swift */ = {isa = PBXFileReference; fileEncoding = 4; lastKnownFileType = sourcecode.swift; name = PreferenceObject.swift; path = Utilities/PreferenceObject.swift; sourceTree = "<group>"; };
		ACC125DD1BD22CF1008D3D2B /* socialease.ttf */ = {isa = PBXFileReference; lastKnownFileType = file; path = socialease.ttf; sourceTree = "<group>"; };
		ACC125DF1BD2E1AF008D3D2B /* ActivityCollectionViewCell.swift */ = {isa = PBXFileReference; fileEncoding = 4; lastKnownFileType = sourcecode.swift; name = ActivityCollectionViewCell.swift; path = Views/ActivityCollectionViewCell.swift; sourceTree = "<group>"; };
		ACE612B51BCF7C3A00525114 /* SocialEaseWireframe.app */ = {isa = PBXFileReference; explicitFileType = wrapper.application; includeInIndex = 0; path = SocialEaseWireframe.app; sourceTree = BUILT_PRODUCTS_DIR; };
		ACE612B81BCF7C3A00525114 /* AppDelegate.swift */ = {isa = PBXFileReference; lastKnownFileType = sourcecode.swift; path = AppDelegate.swift; sourceTree = "<group>"; };
		ACE612BA1BCF7C3A00525114 /* SLESLoginViewController.swift */ = {isa = PBXFileReference; lastKnownFileType = sourcecode.swift; path = SLESLoginViewController.swift; sourceTree = "<group>"; };
		ACE612BD1BCF7C3A00525114 /* Base */ = {isa = PBXFileReference; lastKnownFileType = file.storyboard; name = Base; path = Base.lproj/Main.storyboard; sourceTree = "<group>"; };
		ACE612BF1BCF7C3A00525114 /* Assets.xcassets */ = {isa = PBXFileReference; lastKnownFileType = folder.assetcatalog; path = Assets.xcassets; sourceTree = "<group>"; };
		ACE612C21BCF7C3A00525114 /* Base */ = {isa = PBXFileReference; lastKnownFileType = file.storyboard; name = Base; path = Base.lproj/LaunchScreen.storyboard; sourceTree = "<group>"; };
		ACE612C41BCF7C3A00525114 /* Info.plist */ = {isa = PBXFileReference; lastKnownFileType = text.plist.xml; path = Info.plist; sourceTree = "<group>"; };
		ACE612CD1BD0054100525114 /* AppConstants.swift */ = {isa = PBXFileReference; fileEncoding = 4; lastKnownFileType = sourcecode.swift; path = AppConstants.swift; sourceTree = "<group>"; };
		ACE612D21BD20B2800525114 /* CuisineViewCell.swift */ = {isa = PBXFileReference; fileEncoding = 4; lastKnownFileType = sourcecode.swift; name = CuisineViewCell.swift; path = Views/CuisineViewCell.swift; sourceTree = "<group>"; };
		ACE612D51BD20B6D00525114 /* SelectCuisinesViewController.swift */ = {isa = PBXFileReference; fileEncoding = 4; lastKnownFileType = sourcecode.swift; name = SelectCuisinesViewController.swift; path = "ViewControllers /SelectCuisinesViewController.swift"; sourceTree = "<group>"; };
		ACE612D71BD219A600525114 /* InfoViewController.swift */ = {isa = PBXFileReference; fileEncoding = 4; lastKnownFileType = sourcecode.swift; name = InfoViewController.swift; path = "ViewControllers /InfoViewController.swift"; sourceTree = "<group>"; };
		B56E60EA482798E179AC31D4 /* Pods-SocialEaseWireframe.release.xcconfig */ = {isa = PBXFileReference; includeInIndex = 1; lastKnownFileType = text.xcconfig; name = "Pods-SocialEaseWireframe.release.xcconfig"; path = "Pods/Target Support Files/Pods-SocialEaseWireframe/Pods-SocialEaseWireframe.release.xcconfig"; sourceTree = "<group>"; };
/* End PBXFileReference section */

/* Begin PBXFrameworksBuildPhase section */
		ACE612B21BCF7C3A00525114 /* Frameworks */ = {
			isa = PBXFrameworksBuildPhase;
			buildActionMask = 2147483647;
			files = (
				2663499EBF1E5D1278129E39 /* Pods_SocialEaseWireframe.framework in Frameworks */,
			);
			runOnlyForDeploymentPostprocessing = 0;
		};
/* End PBXFrameworksBuildPhase section */

/* Begin PBXGroup section */
		2CBEE281FE33917E74AF893F /* Pods */ = {
			isa = PBXGroup;
			children = (
				2960537EAA648B7A82E34B4A /* Pods-SocialEaseWireframe.debug.xcconfig */,
				B56E60EA482798E179AC31D4 /* Pods-SocialEaseWireframe.release.xcconfig */,
			);
			name = Pods;
			sourceTree = "<group>";
		};
		ACE612AC1BCF7C3A00525114 = {
			isa = PBXGroup;
			children = (
				ACE612B71BCF7C3A00525114 /* SocialEaseWireframe */,
				ACE612B61BCF7C3A00525114 /* Products */,
				2CBEE281FE33917E74AF893F /* Pods */,
				F54B315A450FC7BDB8768944 /* Frameworks */,
			);
			sourceTree = "<group>";
		};
		ACE612B61BCF7C3A00525114 /* Products */ = {
			isa = PBXGroup;
			children = (
				ACE612B51BCF7C3A00525114 /* SocialEaseWireframe.app */,
			);
			name = Products;
			sourceTree = "<group>";
		};
		ACE612B71BCF7C3A00525114 /* SocialEaseWireframe */ = {
			isa = PBXGroup;
			children = (
				ACE612B81BCF7C3A00525114 /* AppDelegate.swift */,
				ACE612BC1BCF7C3A00525114 /* Main.storyboard */,
				ACE612BA1BCF7C3A00525114 /* SLESLoginViewController.swift */,
				ACE612D41BD20B3100525114 /* ViewControllers */,
				ACE612D11BD20AFE00525114 /* Views */,
				ACE612CA1BCF7D0800525114 /* API */,
				ACE612BF1BCF7C3A00525114 /* Assets.xcassets */,
				ACE612C11BCF7C3A00525114 /* LaunchScreen.storyboard */,
				ACE612C41BCF7C3A00525114 /* Info.plist */,
				ACE612CD1BD0054100525114 /* AppConstants.swift */,
				AC30F1F61BD220F6001912C2 /* PreferenceObject.swift */,
				ACC125DD1BD22CF1008D3D2B /* socialease.ttf */,
			);
			path = SocialEaseWireframe;
			sourceTree = "<group>";
		};
		ACE612CA1BCF7D0800525114 /* API */ = {
			isa = PBXGroup;
			children = (
			);
			name = API;
			sourceTree = "<group>";
		};
		ACE612D11BD20AFE00525114 /* Views */ = {
			isa = PBXGroup;
			children = (
				ACE612D21BD20B2800525114 /* CuisineViewCell.swift */,
				AC30F1F41BD22035001912C2 /* PreferenceViewCell.swift */,
				ACC125DF1BD2E1AF008D3D2B /* ActivityCollectionViewCell.swift */,
			);
			name = Views;
			sourceTree = "<group>";
		};
		ACE612D41BD20B3100525114 /* ViewControllers */ = {
			isa = PBXGroup;
			children = (
				ACE612D51BD20B6D00525114 /* SelectCuisinesViewController.swift */,
				ACE612D71BD219A600525114 /* InfoViewController.swift */,
				AC30F1F21BD22005001912C2 /* OtherPreferenceViewController.swift */,
			);
			name = ViewControllers;
			sourceTree = "<group>";
		};
		F54B315A450FC7BDB8768944 /* Frameworks */ = {
			isa = PBXGroup;
			children = (
				83F2600A10DC46E3EAEB7219 /* Pods_SocialEaseWireframe.framework */,
			);
			name = Frameworks;
			sourceTree = "<group>";
		};
/* End PBXGroup section */

/* Begin PBXNativeTarget section */
		ACE612B41BCF7C3A00525114 /* SocialEaseWireframe */ = {
			isa = PBXNativeTarget;
			buildConfigurationList = ACE612C71BCF7C3A00525114 /* Build configuration list for PBXNativeTarget "SocialEaseWireframe" */;
			buildPhases = (
				300C97A3149735BAAEF6DF0F /* Check Pods Manifest.lock */,
				ACE612B11BCF7C3A00525114 /* Sources */,
				ACE612B21BCF7C3A00525114 /* Frameworks */,
				ACE612B31BCF7C3A00525114 /* Resources */,
				2369B4CDCB4A5A5F4202746E /* Copy Pods Resources */,
				6668FB13E62F920066A359AD /* Embed Pods Frameworks */,
			);
			buildRules = (
			);
			dependencies = (
			);
			name = SocialEaseWireframe;
			productName = SocialEaseWireframe;
			productReference = ACE612B51BCF7C3A00525114 /* SocialEaseWireframe.app */;
			productType = "com.apple.product-type.application";
		};
/* End PBXNativeTarget section */

/* Begin PBXProject section */
		ACE612AD1BCF7C3A00525114 /* Project object */ = {
			isa = PBXProject;
			attributes = {
				LastUpgradeCheck = 0700;
				ORGANIZATIONNAME = ple;
				TargetAttributes = {
					ACE612B41BCF7C3A00525114 = {
						CreatedOnToolsVersion = 7.0.1;
						DevelopmentTeam = U4SX4BRLM6;
					};
				};
			};
			buildConfigurationList = ACE612B01BCF7C3A00525114 /* Build configuration list for PBXProject "SocialEaseWireframe" */;
			compatibilityVersion = "Xcode 3.2";
			developmentRegion = English;
			hasScannedForEncodings = 0;
			knownRegions = (
				en,
				Base,
			);
			mainGroup = ACE612AC1BCF7C3A00525114;
			productRefGroup = ACE612B61BCF7C3A00525114 /* Products */;
			projectDirPath = "";
			projectRoot = "";
			targets = (
				ACE612B41BCF7C3A00525114 /* SocialEaseWireframe */,
			);
		};
/* End PBXProject section */

/* Begin PBXResourcesBuildPhase section */
		ACE612B31BCF7C3A00525114 /* Resources */ = {
			isa = PBXResourcesBuildPhase;
			buildActionMask = 2147483647;
			files = (
				ACE612C31BCF7C3A00525114 /* LaunchScreen.storyboard in Resources */,
				ACE612C01BCF7C3A00525114 /* Assets.xcassets in Resources */,
				ACE612BE1BCF7C3A00525114 /* Main.storyboard in Resources */,
				ACC125DE1BD22CF1008D3D2B /* socialease.ttf in Resources */,
			);
			runOnlyForDeploymentPostprocessing = 0;
		};
/* End PBXResourcesBuildPhase section */

/* Begin PBXShellScriptBuildPhase section */
		2369B4CDCB4A5A5F4202746E /* Copy Pods Resources */ = {
			isa = PBXShellScriptBuildPhase;
			buildActionMask = 2147483647;
			files = (
			);
			inputPaths = (
			);
			name = "Copy Pods Resources";
			outputPaths = (
			);
			runOnlyForDeploymentPostprocessing = 0;
			shellPath = /bin/sh;
			shellScript = "\"${SRCROOT}/Pods/Target Support Files/Pods-SocialEaseWireframe/Pods-SocialEaseWireframe-resources.sh\"\n";
			showEnvVarsInLog = 0;
		};
		300C97A3149735BAAEF6DF0F /* Check Pods Manifest.lock */ = {
			isa = PBXShellScriptBuildPhase;
			buildActionMask = 2147483647;
			files = (
			);
			inputPaths = (
			);
			name = "Check Pods Manifest.lock";
			outputPaths = (
			);
			runOnlyForDeploymentPostprocessing = 0;
			shellPath = /bin/sh;
			shellScript = "diff \"${PODS_ROOT}/../Podfile.lock\" \"${PODS_ROOT}/Manifest.lock\" > /dev/null\nif [[ $? != 0 ]] ; then\n    cat << EOM\nerror: The sandbox is not in sync with the Podfile.lock. Run 'pod install' or update your CocoaPods installation.\nEOM\n    exit 1\nfi\n";
			showEnvVarsInLog = 0;
		};
		6668FB13E62F920066A359AD /* Embed Pods Frameworks */ = {
			isa = PBXShellScriptBuildPhase;
			buildActionMask = 2147483647;
			files = (
			);
			inputPaths = (
			);
			name = "Embed Pods Frameworks";
			outputPaths = (
			);
			runOnlyForDeploymentPostprocessing = 0;
			shellPath = /bin/sh;
			shellScript = "\"${SRCROOT}/Pods/Target Support Files/Pods-SocialEaseWireframe/Pods-SocialEaseWireframe-frameworks.sh\"\n";
			showEnvVarsInLog = 0;
		};
/* End PBXShellScriptBuildPhase section */

/* Begin PBXSourcesBuildPhase section */
		ACE612B11BCF7C3A00525114 /* Sources */ = {
			isa = PBXSourcesBuildPhase;
			buildActionMask = 2147483647;
			files = (
				ACC125E01BD2E1AF008D3D2B /* ActivityCollectionViewCell.swift in Sources */,
				ACE612BB1BCF7C3A00525114 /* SLESLoginViewController.swift in Sources */,
				AC30F1F31BD22005001912C2 /* OtherPreferenceViewController.swift in Sources */,
				ACE612D31BD20B2800525114 /* CuisineViewCell.swift in Sources */,
				ACE612B91BCF7C3A00525114 /* AppDelegate.swift in Sources */,
				ACE612CE1BD0054100525114 /* AppConstants.swift in Sources */,
				AC30F1F51BD22035001912C2 /* PreferenceViewCell.swift in Sources */,
				ACE612D81BD219A600525114 /* InfoViewController.swift in Sources */,
				ACE612D61BD20B6D00525114 /* SelectCuisinesViewController.swift in Sources */,
				AC30F1F71BD220F6001912C2 /* PreferenceObject.swift in Sources */,
			);
			runOnlyForDeploymentPostprocessing = 0;
		};
/* End PBXSourcesBuildPhase section */

/* Begin PBXVariantGroup section */
		ACE612BC1BCF7C3A00525114 /* Main.storyboard */ = {
			isa = PBXVariantGroup;
			children = (
				ACE612BD1BCF7C3A00525114 /* Base */,
			);
			name = Main.storyboard;
			sourceTree = "<group>";
		};
		ACE612C11BCF7C3A00525114 /* LaunchScreen.storyboard */ = {
			isa = PBXVariantGroup;
			children = (
				ACE612C21BCF7C3A00525114 /* Base */,
			);
			name = LaunchScreen.storyboard;
			sourceTree = "<group>";
		};
/* End PBXVariantGroup section */

/* Begin XCBuildConfiguration section */
		ACE612C51BCF7C3A00525114 /* Debug */ = {
			isa = XCBuildConfiguration;
			buildSettings = {
				ALWAYS_SEARCH_USER_PATHS = NO;
				CLANG_CXX_LANGUAGE_STANDARD = "gnu++0x";
				CLANG_CXX_LIBRARY = "libc++";
				CLANG_ENABLE_MODULES = YES;
				CLANG_ENABLE_OBJC_ARC = YES;
				CLANG_WARN_BOOL_CONVERSION = YES;
				CLANG_WARN_CONSTANT_CONVERSION = YES;
				CLANG_WARN_DIRECT_OBJC_ISA_USAGE = YES_ERROR;
				CLANG_WARN_EMPTY_BODY = YES;
				CLANG_WARN_ENUM_CONVERSION = YES;
				CLANG_WARN_INT_CONVERSION = YES;
				CLANG_WARN_OBJC_ROOT_CLASS = YES_ERROR;
				CLANG_WARN_UNREACHABLE_CODE = YES;
				CLANG_WARN__DUPLICATE_METHOD_MATCH = YES;
				"CODE_SIGN_IDENTITY[sdk=iphoneos*]" = "iPhone Developer";
				COPY_PHASE_STRIP = NO;
				DEBUG_INFORMATION_FORMAT = dwarf;
				ENABLE_STRICT_OBJC_MSGSEND = YES;
				ENABLE_TESTABILITY = YES;
				GCC_C_LANGUAGE_STANDARD = gnu99;
				GCC_DYNAMIC_NO_PIC = NO;
				GCC_NO_COMMON_BLOCKS = YES;
				GCC_OPTIMIZATION_LEVEL = 0;
				GCC_PREPROCESSOR_DEFINITIONS = (
					"DEBUG=1",
					"$(inherited)",
				);
				GCC_WARN_64_TO_32_BIT_CONVERSION = YES;
				GCC_WARN_ABOUT_RETURN_TYPE = YES_ERROR;
				GCC_WARN_UNDECLARED_SELECTOR = YES;
				GCC_WARN_UNINITIALIZED_AUTOS = YES_AGGRESSIVE;
				GCC_WARN_UNUSED_FUNCTION = YES;
				GCC_WARN_UNUSED_VARIABLE = YES;
				IPHONEOS_DEPLOYMENT_TARGET = 9.0;
				MTL_ENABLE_DEBUG_INFO = YES;
				ONLY_ACTIVE_ARCH = YES;
				SDKROOT = iphoneos;
				SWIFT_OPTIMIZATION_LEVEL = "-Onone";
			};
			name = Debug;
		};
		ACE612C61BCF7C3A00525114 /* Release */ = {
			isa = XCBuildConfiguration;
			buildSettings = {
				ALWAYS_SEARCH_USER_PATHS = NO;
				CLANG_CXX_LANGUAGE_STANDARD = "gnu++0x";
				CLANG_CXX_LIBRARY = "libc++";
				CLANG_ENABLE_MODULES = YES;
				CLANG_ENABLE_OBJC_ARC = YES;
				CLANG_WARN_BOOL_CONVERSION = YES;
				CLANG_WARN_CONSTANT_CONVERSION = YES;
				CLANG_WARN_DIRECT_OBJC_ISA_USAGE = YES_ERROR;
				CLANG_WARN_EMPTY_BODY = YES;
				CLANG_WARN_ENUM_CONVERSION = YES;
				CLANG_WARN_INT_CONVERSION = YES;
				CLANG_WARN_OBJC_ROOT_CLASS = YES_ERROR;
				CLANG_WARN_UNREACHABLE_CODE = YES;
				CLANG_WARN__DUPLICATE_METHOD_MATCH = YES;
				"CODE_SIGN_IDENTITY[sdk=iphoneos*]" = "iPhone Developer";
				COPY_PHASE_STRIP = NO;
				DEBUG_INFORMATION_FORMAT = "dwarf-with-dsym";
				ENABLE_NS_ASSERTIONS = NO;
				ENABLE_STRICT_OBJC_MSGSEND = YES;
				GCC_C_LANGUAGE_STANDARD = gnu99;
				GCC_NO_COMMON_BLOCKS = YES;
				GCC_WARN_64_TO_32_BIT_CONVERSION = YES;
				GCC_WARN_ABOUT_RETURN_TYPE = YES_ERROR;
				GCC_WARN_UNDECLARED_SELECTOR = YES;
				GCC_WARN_UNINITIALIZED_AUTOS = YES_AGGRESSIVE;
				GCC_WARN_UNUSED_FUNCTION = YES;
				GCC_WARN_UNUSED_VARIABLE = YES;
				IPHONEOS_DEPLOYMENT_TARGET = 9.0;
				MTL_ENABLE_DEBUG_INFO = NO;
				SDKROOT = iphoneos;
				VALIDATE_PRODUCT = YES;
			};
			name = Release;
		};
		ACE612C81BCF7C3A00525114 /* Debug */ = {
			isa = XCBuildConfiguration;
			baseConfigurationReference = 2960537EAA648B7A82E34B4A /* Pods-SocialEaseWireframe.debug.xcconfig */;
			buildSettings = {
				ASSETCATALOG_COMPILER_APPICON_NAME = AppIcon;
				INFOPLIST_FILE = SocialEaseWireframe/Info.plist;
				LD_RUNPATH_SEARCH_PATHS = "$(inherited) @executable_path/Frameworks";
				PRODUCT_BUNDLE_IDENTIFIER = info.amays.SocialEaseWireframe;
				PRODUCT_NAME = "$(TARGET_NAME)";
			};
			name = Debug;
		};
		ACE612C91BCF7C3A00525114 /* Release */ = {
			isa = XCBuildConfiguration;
			baseConfigurationReference = B56E60EA482798E179AC31D4 /* Pods-SocialEaseWireframe.release.xcconfig */;
			buildSettings = {
				ASSETCATALOG_COMPILER_APPICON_NAME = AppIcon;
				INFOPLIST_FILE = SocialEaseWireframe/Info.plist;
				LD_RUNPATH_SEARCH_PATHS = "$(inherited) @executable_path/Frameworks";
				PRODUCT_BUNDLE_IDENTIFIER = info.amays.SocialEaseWireframe;
				PRODUCT_NAME = "$(TARGET_NAME)";
			};
			name = Release;
		};
/* End XCBuildConfiguration section */

/* Begin XCConfigurationList section */
		ACE612B01BCF7C3A00525114 /* Build configuration list for PBXProject "SocialEaseWireframe" */ = {
			isa = XCConfigurationList;
			buildConfigurations = (
				ACE612C51BCF7C3A00525114 /* Debug */,
				ACE612C61BCF7C3A00525114 /* Release */,
			);
			defaultConfigurationIsVisible = 0;
			defaultConfigurationName = Release;
		};
		ACE612C71BCF7C3A00525114 /* Build configuration list for PBXNativeTarget "SocialEaseWireframe" */ = {
			isa = XCConfigurationList;
			buildConfigurations = (
				ACE612C81BCF7C3A00525114 /* Debug */,
				ACE612C91BCF7C3A00525114 /* Release */,
			);
			defaultConfigurationIsVisible = 0;
			defaultConfigurationName = Release;
		};
/* End XCConfigurationList section */
	};
	rootObject = ACE612AD1BCF7C3A00525114 /* Project object */;
}
